// !$*UTF8*$!
{
	archiveVersion = 1;
	classes = {
	};
	objectVersion = 56;
	objects = {

/* Begin PBXBuildFile section */
		397584F52B35837700AAF3EA /* InteractiveArtGalleryApp.swift in Sources */ = {isa = PBXBuildFile; fileRef = 397584F42B35837700AAF3EA /* InteractiveArtGalleryApp.swift */; };
		397584F72B35837700AAF3EA /* ContentView.swift in Sources */ = {isa = PBXBuildFile; fileRef = 397584F62B35837700AAF3EA /* ContentView.swift */; };
		397584F92B35837800AAF3EA /* Assets.xcassets in Resources */ = {isa = PBXBuildFile; fileRef = 397584F82B35837800AAF3EA /* Assets.xcassets */; };
		397584FC2B35837800AAF3EA /* Preview Assets.xcassets in Resources */ = {isa = PBXBuildFile; fileRef = 397584FB2B35837800AAF3EA /* Preview Assets.xcassets */; };
		397585042B358A4800AAF3EA /* ImageComponent.swift in Sources */ = {isa = PBXBuildFile; fileRef = 397585032B358A4800AAF3EA /* ImageComponent.swift */; };
		397585072B358C7800AAF3EA /* TappGesture.swift in Sources */ = {isa = PBXBuildFile; fileRef = 397585062B358C7800AAF3EA /* TappGesture.swift */; };
		3975850A2B35918000AAF3EA /* LongPressGesture.swift in Sources */ = {isa = PBXBuildFile; fileRef = 397585092B35918000AAF3EA /* LongPressGesture.swift */; };
		3975850C2B35964100AAF3EA /* dragOffsetGesture.swift in Sources */ = {isa = PBXBuildFile; fileRef = 3975850B2B35964100AAF3EA /* dragOffsetGesture.swift */; };
		3975850E2B35988E00AAF3EA /* ComposingGesture.swift in Sources */ = {isa = PBXBuildFile; fileRef = 3975850D2B35988E00AAF3EA /* ComposingGesture.swift */; };
		397585102B359ABC00AAF3EA /* AnotherComposingGesture.swift in Sources */ = {isa = PBXBuildFile; fileRef = 3975850F2B359ABC00AAF3EA /* AnotherComposingGesture.swift */; };
		397585122B359F2700AAF3EA /* PinchGesture.swift in Sources */ = {isa = PBXBuildFile; fileRef = 397585112B359F2700AAF3EA /* PinchGesture.swift */; };
		397585142B361AE300AAF3EA /* GestureComposition.swift in Sources */ = {isa = PBXBuildFile; fileRef = 397585132B361AE300AAF3EA /* GestureComposition.swift */; };
/* End PBXBuildFile section */

/* Begin PBXFileReference section */
		397584F12B35837700AAF3EA /* InteractiveArtGallery.app */ = {isa = PBXFileReference; explicitFileType = wrapper.application; includeInIndex = 0; path = InteractiveArtGallery.app; sourceTree = BUILT_PRODUCTS_DIR; };
		397584F42B35837700AAF3EA /* InteractiveArtGalleryApp.swift */ = {isa = PBXFileReference; lastKnownFileType = sourcecode.swift; path = InteractiveArtGalleryApp.swift; sourceTree = "<group>"; };
		397584F62B35837700AAF3EA /* ContentView.swift */ = {isa = PBXFileReference; lastKnownFileType = sourcecode.swift; path = ContentView.swift; sourceTree = "<group>"; };
		397584F82B35837800AAF3EA /* Assets.xcassets */ = {isa = PBXFileReference; lastKnownFileType = folder.assetcatalog; path = Assets.xcassets; sourceTree = "<group>"; };
		397584FB2B35837800AAF3EA /* Preview Assets.xcassets */ = {isa = PBXFileReference; lastKnownFileType = folder.assetcatalog; path = "Preview Assets.xcassets"; sourceTree = "<group>"; };
		397585032B358A4800AAF3EA /* ImageComponent.swift */ = {isa = PBXFileReference; lastKnownFileType = sourcecode.swift; path = ImageComponent.swift; sourceTree = "<group>"; };
		397585062B358C7800AAF3EA /* TappGesture.swift */ = {isa = PBXFileReference; lastKnownFileType = sourcecode.swift; path = TappGesture.swift; sourceTree = "<group>"; };
		397585092B35918000AAF3EA /* LongPressGesture.swift */ = {isa = PBXFileReference; lastKnownFileType = sourcecode.swift; path = LongPressGesture.swift; sourceTree = "<group>"; };
		3975850B2B35964100AAF3EA /* dragOffsetGesture.swift */ = {isa = PBXFileReference; lastKnownFileType = sourcecode.swift; path = dragOffsetGesture.swift; sourceTree = "<group>"; };
		3975850D2B35988E00AAF3EA /* ComposingGesture.swift */ = {isa = PBXFileReference; lastKnownFileType = sourcecode.swift; path = ComposingGesture.swift; sourceTree = "<group>"; };
		3975850F2B359ABC00AAF3EA /* AnotherComposingGesture.swift */ = {isa = PBXFileReference; lastKnownFileType = sourcecode.swift; path = AnotherComposingGesture.swift; sourceTree = "<group>"; };
		397585112B359F2700AAF3EA /* PinchGesture.swift */ = {isa = PBXFileReference; lastKnownFileType = sourcecode.swift; path = PinchGesture.swift; sourceTree = "<group>"; };
		397585132B361AE300AAF3EA /* GestureComposition.swift */ = {isa = PBXFileReference; lastKnownFileType = sourcecode.swift; path = GestureComposition.swift; sourceTree = "<group>"; };
/* End PBXFileReference section */

/* Begin PBXFrameworksBuildPhase section */
		397584EE2B35837700AAF3EA /* Frameworks */ = {
			isa = PBXFrameworksBuildPhase;
			buildActionMask = 2147483647;
			files = (
			);
			runOnlyForDeploymentPostprocessing = 0;
		};
/* End PBXFrameworksBuildPhase section */

/* Begin PBXGroup section */
		397584E82B35837700AAF3EA = {
			isa = PBXGroup;
			children = (
				397584F32B35837700AAF3EA /* InteractiveArtGallery */,
				397584F22B35837700AAF3EA /* Products */,
			);
			sourceTree = "<group>";
		};
		397584F22B35837700AAF3EA /* Products */ = {
			isa = PBXGroup;
			children = (
				397584F12B35837700AAF3EA /* InteractiveArtGallery.app */,
			);
			name = Products;
			sourceTree = "<group>";
		};
		397584F32B35837700AAF3EA /* InteractiveArtGallery */ = {
			isa = PBXGroup;
			children = (
				397585082B358FB800AAF3EA /* App */,
				397585052B358C6700AAF3EA /* Gestures */,
				397585022B358A3200AAF3EA /* Components */,
				397584F62B35837700AAF3EA /* ContentView.swift */,
				397584F82B35837800AAF3EA /* Assets.xcassets */,
				397584FA2B35837800AAF3EA /* Preview Content */,
			);
			path = InteractiveArtGallery;
			sourceTree = "<group>";
		};
		397584FA2B35837800AAF3EA /* Preview Content */ = {
			isa = PBXGroup;
			children = (
				397584FB2B35837800AAF3EA /* Preview Assets.xcassets */,
			);
			path = "Preview Content";
			sourceTree = "<group>";
		};
		397585022B358A3200AAF3EA /* Components */ = {
			isa = PBXGroup;
			children = (
				397585032B358A4800AAF3EA /* ImageComponent.swift */,
			);
			path = Components;
			sourceTree = "<group>";
		};
		397585052B358C6700AAF3EA /* Gestures */ = {
			isa = PBXGroup;
			children = (
				397585062B358C7800AAF3EA /* TappGesture.swift */,
				397585092B35918000AAF3EA /* LongPressGesture.swift */,
				3975850B2B35964100AAF3EA /* dragOffsetGesture.swift */,
				3975850D2B35988E00AAF3EA /* ComposingGesture.swift */,
				3975850F2B359ABC00AAF3EA /* AnotherComposingGesture.swift */,
				397585112B359F2700AAF3EA /* PinchGesture.swift */,
				397585132B361AE300AAF3EA /* GestureComposition.swift */,
			);
			path = Gestures;
			sourceTree = "<group>";
		};
		397585082B358FB800AAF3EA /* App */ = {
			isa = PBXGroup;
			children = (
				397584F42B35837700AAF3EA /* InteractiveArtGalleryApp.swift */,
			);
			path = App;
			sourceTree = "<group>";
		};
/* End PBXGroup section */

/* Begin PBXNativeTarget section */
		397584F02B35837700AAF3EA /* InteractiveArtGallery */ = {
			isa = PBXNativeTarget;
			buildConfigurationList = 397584FF2B35837800AAF3EA /* Build configuration list for PBXNativeTarget "InteractiveArtGallery" */;
			buildPhases = (
				397584ED2B35837700AAF3EA /* Sources */,
				397584EE2B35837700AAF3EA /* Frameworks */,
				397584EF2B35837700AAF3EA /* Resources */,
			);
			buildRules = (
			);
			dependencies = (
			);
			name = InteractiveArtGallery;
			productName = InteractiveArtGallery;
			productReference = 397584F12B35837700AAF3EA /* InteractiveArtGallery.app */;
			productType = "com.apple.product-type.application";
		};
/* End PBXNativeTarget section */

/* Begin PBXProject section */
		397584E92B35837700AAF3EA /* Project object */ = {
			isa = PBXProject;
			attributes = {
				BuildIndependentTargetsInParallel = 1;
				LastSwiftUpdateCheck = 1500;
				LastUpgradeCheck = 1500;
				TargetAttributes = {
					397584F02B35837700AAF3EA = {
						CreatedOnToolsVersion = 15.0.1;
					};
				};
			};
			buildConfigurationList = 397584EC2B35837700AAF3EA /* Build configuration list for PBXProject "InteractiveArtGallery" */;
			compatibilityVersion = "Xcode 14.0";
			developmentRegion = en;
			hasScannedForEncodings = 0;
			knownRegions = (
				en,
				Base,
			);
			mainGroup = 397584E82B35837700AAF3EA;
			productRefGroup = 397584F22B35837700AAF3EA /* Products */;
			projectDirPath = "";
			projectRoot = "";
			targets = (
				397584F02B35837700AAF3EA /* InteractiveArtGallery */,
			);
		};
/* End PBXProject section */

/* Begin PBXResourcesBuildPhase section */
		397584EF2B35837700AAF3EA /* Resources */ = {
			isa = PBXResourcesBuildPhase;
			buildActionMask = 2147483647;
			files = (
				397584FC2B35837800AAF3EA /* Preview Assets.xcassets in Resources */,
				397584F92B35837800AAF3EA /* Assets.xcassets in Resources */,
			);
			runOnlyForDeploymentPostprocessing = 0;
		};
/* End PBXResourcesBuildPhase section */

/* Begin PBXSourcesBuildPhase section */
		397584ED2B35837700AAF3EA /* Sources */ = {
			isa = PBXSourcesBuildPhase;
			buildActionMask = 2147483647;
			files = (
				397585042B358A4800AAF3EA /* ImageComponent.swift in Sources */,
				3975850E2B35988E00AAF3EA /* ComposingGesture.swift in Sources */,
				397584F72B35837700AAF3EA /* ContentView.swift in Sources */,
				397584F52B35837700AAF3EA /* InteractiveArtGalleryApp.swift in Sources */,
				397585142B361AE300AAF3EA /* GestureComposition.swift in Sources */,
				3975850A2B35918000AAF3EA /* LongPressGesture.swift in Sources */,
				3975850C2B35964100AAF3EA /* dragOffsetGesture.swift in Sources */,
				397585072B358C7800AAF3EA /* TappGesture.swift in Sources */,
				397585102B359ABC00AAF3EA /* AnotherComposingGesture.swift in Sources */,
				397585122B359F2700AAF3EA /* PinchGesture.swift in Sources */,
			);
			runOnlyForDeploymentPostprocessing = 0;
		};
/* End PBXSourcesBuildPhase section */

/* Begin XCBuildConfiguration section */
		397584FD2B35837800AAF3EA /* Debug */ = {
			isa = XCBuildConfiguration;
			buildSettings = {
				ALWAYS_SEARCH_USER_PATHS = NO;
				ASSETCATALOG_COMPILER_GENERATE_SWIFT_ASSET_SYMBOL_EXTENSIONS = YES;
				CLANG_ANALYZER_NONNULL = YES;
				CLANG_ANALYZER_NUMBER_OBJECT_CONVERSION = YES_AGGRESSIVE;
				CLANG_CXX_LANGUAGE_STANDARD = "gnu++20";
				CLANG_ENABLE_MODULES = YES;
				CLANG_ENABLE_OBJC_ARC = YES;
				CLANG_ENABLE_OBJC_WEAK = YES;
				CLANG_WARN_BLOCK_CAPTURE_AUTORELEASING = YES;
				CLANG_WARN_BOOL_CONVERSION = YES;
				CLANG_WARN_COMMA = YES;
				CLANG_WARN_CONSTANT_CONVERSION = YES;
				CLANG_WARN_DEPRECATED_OBJC_IMPLEMENTATIONS = YES;
				CLANG_WARN_DIRECT_OBJC_ISA_USAGE = YES_ERROR;
				CLANG_WARN_DOCUMENTATION_COMMENTS = YES;
				CLANG_WARN_EMPTY_BODY = YES;
				CLANG_WARN_ENUM_CONVERSION = YES;
				CLANG_WARN_INFINITE_RECURSION = YES;
				CLANG_WARN_INT_CONVERSION = YES;
				CLANG_WARN_NON_LITERAL_NULL_CONVERSION = YES;
				CLANG_WARN_OBJC_IMPLICIT_RETAIN_SELF = YES;
				CLANG_WARN_OBJC_LITERAL_CONVERSION = YES;
				CLANG_WARN_OBJC_ROOT_CLASS = YES_ERROR;
				CLANG_WARN_QUOTED_INCLUDE_IN_FRAMEWORK_HEADER = YES;
				CLANG_WARN_RANGE_LOOP_ANALYSIS = YES;
				CLANG_WARN_STRICT_PROTOTYPES = YES;
				CLANG_WARN_SUSPICIOUS_MOVE = YES;
				CLANG_WARN_UNGUARDED_AVAILABILITY = YES_AGGRESSIVE;
				CLANG_WARN_UNREACHABLE_CODE = YES;
				CLANG_WARN__DUPLICATE_METHOD_MATCH = YES;
				COPY_PHASE_STRIP = NO;
				DEBUG_INFORMATION_FORMAT = dwarf;
				ENABLE_STRICT_OBJC_MSGSEND = YES;
				ENABLE_TESTABILITY = YES;
				ENABLE_USER_SCRIPT_SANDBOXING = YES;
				GCC_C_LANGUAGE_STANDARD = gnu17;
				GCC_DYNAMIC_NO_PIC = NO;
				GCC_NO_COMMON_BLOCKS = YES;
				GCC_OPTIMIZATION_LEVEL = 0;
				GCC_PREPROCESSOR_DEFINITIONS = (
					"DEBUG=1",
					"$(inherited)",
				);
				GCC_WARN_64_TO_32_BIT_CONVERSION = YES;
				GCC_WARN_ABOUT_RETURN_TYPE = YES_ERROR;
				GCC_WARN_UNDECLARED_SELECTOR = YES;
				GCC_WARN_UNINITIALIZED_AUTOS = YES_AGGRESSIVE;
				GCC_WARN_UNUSED_FUNCTION = YES;
				GCC_WARN_UNUSED_VARIABLE = YES;
				IPHONEOS_DEPLOYMENT_TARGET = 17.0;
				LOCALIZATION_PREFERS_STRING_CATALOGS = YES;
				MTL_ENABLE_DEBUG_INFO = INCLUDE_SOURCE;
				MTL_FAST_MATH = YES;
				ONLY_ACTIVE_ARCH = YES;
				SDKROOT = iphoneos;
				SWIFT_ACTIVE_COMPILATION_CONDITIONS = "DEBUG $(inherited)";
				SWIFT_OPTIMIZATION_LEVEL = "-Onone";
			};
			name = Debug;
		};
		397584FE2B35837800AAF3EA /* Release */ = {
			isa = XCBuildConfiguration;
			buildSettings = {
				ALWAYS_SEARCH_USER_PATHS = NO;
				ASSETCATALOG_COMPILER_GENERATE_SWIFT_ASSET_SYMBOL_EXTENSIONS = YES;
				CLANG_ANALYZER_NONNULL = YES;
				CLANG_ANALYZER_NUMBER_OBJECT_CONVERSION = YES_AGGRESSIVE;
				CLANG_CXX_LANGUAGE_STANDARD = "gnu++20";
				CLANG_ENABLE_MODULES = YES;
				CLANG_ENABLE_OBJC_ARC = YES;
				CLANG_ENABLE_OBJC_WEAK = YES;
				CLANG_WARN_BLOCK_CAPTURE_AUTORELEASING = YES;
				CLANG_WARN_BOOL_CONVERSION = YES;
				CLANG_WARN_COMMA = YES;
				CLANG_WARN_CONSTANT_CONVERSION = YES;
				CLANG_WARN_DEPRECATED_OBJC_IMPLEMENTATIONS = YES;
				CLANG_WARN_DIRECT_OBJC_ISA_USAGE = YES_ERROR;
				CLANG_WARN_DOCUMENTATION_COMMENTS = YES;
				CLANG_WARN_EMPTY_BODY = YES;
				CLANG_WARN_ENUM_CONVERSION = YES;
				CLANG_WARN_INFINITE_RECURSION = YES;
				CLANG_WARN_INT_CONVERSION = YES;
				CLANG_WARN_NON_LITERAL_NULL_CONVERSION = YES;
				CLANG_WARN_OBJC_IMPLICIT_RETAIN_SELF = YES;
				CLANG_WARN_OBJC_LITERAL_CONVERSION = YES;
				CLANG_WARN_OBJC_ROOT_CLASS = YES_ERROR;
				CLANG_WARN_QUOTED_INCLUDE_IN_FRAMEWORK_HEADER = YES;
				CLANG_WARN_RANGE_LOOP_ANALYSIS = YES;
				CLANG_WARN_STRICT_PROTOTYPES = YES;
				CLANG_WARN_SUSPICIOUS_MOVE = YES;
				CLANG_WARN_UNGUARDED_AVAILABILITY = YES_AGGRESSIVE;
				CLANG_WARN_UNREACHABLE_CODE = YES;
				CLANG_WARN__DUPLICATE_METHOD_MATCH = YES;
				COPY_PHASE_STRIP = NO;
				DEBUG_INFORMATION_FORMAT = "dwarf-with-dsym";
				ENABLE_NS_ASSERTIONS = NO;
				ENABLE_STRICT_OBJC_MSGSEND = YES;
				ENABLE_USER_SCRIPT_SANDBOXING = YES;
				GCC_C_LANGUAGE_STANDARD = gnu17;
				GCC_NO_COMMON_BLOCKS = YES;
				GCC_WARN_64_TO_32_BIT_CONVERSION = YES;
				GCC_WARN_ABOUT_RETURN_TYPE = YES_ERROR;
				GCC_WARN_UNDECLARED_SELECTOR = YES;
				GCC_WARN_UNINITIALIZED_AUTOS = YES_AGGRESSIVE;
				GCC_WARN_UNUSED_FUNCTION = YES;
				GCC_WARN_UNUSED_VARIABLE = YES;
				IPHONEOS_DEPLOYMENT_TARGET = 17.0;
				LOCALIZATION_PREFERS_STRING_CATALOGS = YES;
				MTL_ENABLE_DEBUG_INFO = NO;
				MTL_FAST_MATH = YES;
				SDKROOT = iphoneos;
				SWIFT_COMPILATION_MODE = wholemodule;
				VALIDATE_PRODUCT = YES;
			};
			name = Release;
		};
		397585002B35837800AAF3EA /* Debug */ = {
			isa = XCBuildConfiguration;
			buildSettings = {
				ASSETCATALOG_COMPILER_APPICON_NAME = AppIcon;
				ASSETCATALOG_COMPILER_GLOBAL_ACCENT_COLOR_NAME = AccentColor;
				CODE_SIGN_STYLE = Automatic;
				CURRENT_PROJECT_VERSION = 1;
				DEVELOPMENT_ASSET_PATHS = "\"InteractiveArtGallery/Preview Content\"";
				DEVELOPMENT_TEAM = VK8W64RM87;
				ENABLE_PREVIEWS = YES;
				GENERATE_INFOPLIST_FILE = YES;
				INFOPLIST_KEY_UIApplicationSceneManifest_Generation = YES;
				INFOPLIST_KEY_UIApplicationSupportsIndirectInputEvents = YES;
				INFOPLIST_KEY_UILaunchScreen_Generation = YES;
				INFOPLIST_KEY_UISupportedInterfaceOrientations_iPad = "UIInterfaceOrientationPortrait UIInterfaceOrientationPortraitUpsideDown UIInterfaceOrientationLandscapeLeft UIInterfaceOrientationLandscapeRight";
				INFOPLIST_KEY_UISupportedInterfaceOrientations_iPhone = "UIInterfaceOrientationPortrait UIInterfaceOrientationLandscapeLeft UIInterfaceOrientationLandscapeRight";
				LD_RUNPATH_SEARCH_PATHS = (
					"$(inherited)",
					"@executable_path/Frameworks",
				);
				MARKETING_VERSION = 1.0;
				PRODUCT_BUNDLE_IDENTIFIER = mmm.InteractiveArtGallery;
				PRODUCT_NAME = "$(TARGET_NAME)";
				SWIFT_EMIT_LOC_STRINGS = YES;
				SWIFT_VERSION = 5.0;
				TARGETED_DEVICE_FAMILY = "1,2";
			};
			name = Debug;
		};
		397585012B35837800AAF3EA /* Release */ = {
			isa = XCBuildConfiguration;
			buildSettings = {
				ASSETCATALOG_COMPILER_APPICON_NAME = AppIcon;
				ASSETCATALOG_COMPILER_GLOBAL_ACCENT_COLOR_NAME = AccentColor;
				CODE_SIGN_STYLE = Automatic;
				CURRENT_PROJECT_VERSION = 1;
				DEVELOPMENT_ASSET_PATHS = "\"InteractiveArtGallery/Preview Content\"";
				DEVELOPMENT_TEAM = VK8W64RM87;
				ENABLE_PREVIEWS = YES;
				GENERATE_INFOPLIST_FILE = YES;
				INFOPLIST_KEY_UIApplicationSceneManifest_Generation = YES;
				INFOPLIST_KEY_UIApplicationSupportsIndirectInputEvents = YES;
				INFOPLIST_KEY_UILaunchScreen_Generation = YES;
				INFOPLIST_KEY_UISupportedInterfaceOrientations_iPad = "UIInterfaceOrientationPortrait UIInterfaceOrientationPortraitUpsideDown UIInterfaceOrientationLandscapeLeft UIInterfaceOrientationLandscapeRight";
				INFOPLIST_KEY_UISupportedInterfaceOrientations_iPhone = "UIInterfaceOrientationPortrait UIInterfaceOrientationLandscapeLeft UIInterfaceOrientationLandscapeRight";
				LD_RUNPATH_SEARCH_PATHS = (
					"$(inherited)",
					"@executable_path/Frameworks",
				);
				MARKETING_VERSION = 1.0;
				PRODUCT_BUNDLE_IDENTIFIER = mmm.InteractiveArtGallery;
				PRODUCT_NAME = "$(TARGET_NAME)";
				SWIFT_EMIT_LOC_STRINGS = YES;
				SWIFT_VERSION = 5.0;
				TARGETED_DEVICE_FAMILY = "1,2";
			};
			name = Release;
		};
/* End XCBuildConfiguration section */

/* Begin XCConfigurationList section */
		397584EC2B35837700AAF3EA /* Build configuration list for PBXProject "InteractiveArtGallery" */ = {
			isa = XCConfigurationList;
			buildConfigurations = (
				397584FD2B35837800AAF3EA /* Debug */,
				397584FE2B35837800AAF3EA /* Release */,
			);
			defaultConfigurationIsVisible = 0;
			defaultConfigurationName = Release;
		};
		397584FF2B35837800AAF3EA /* Build configuration list for PBXNativeTarget "InteractiveArtGallery" */ = {
			isa = XCConfigurationList;
			buildConfigurations = (
				397585002B35837800AAF3EA /* Debug */,
				397585012B35837800AAF3EA /* Release */,
			);
			defaultConfigurationIsVisible = 0;
			defaultConfigurationName = Release;
		};
/* End XCConfigurationList section */
	};
	rootObject = 397584E92B35837700AAF3EA /* Project object */;
}
